
Microsoft Visual Studio Solution File, Format Version 12.00
# Visual Studio 2013
VisualStudioVersion = 12.0.31101.0
MinimumVisualStudioVersion = 10.0.40219.1
Project("{F184B08F-C81C-45F6-A57F-5ABD9991F28F}") = "WorkflowTesterExpress", "WorkflowTesterExpress.vbproj", "{7965A2A0-346A-40D5-8049-C8770A95E675}"
EndProject
Project("{F184B08F-C81C-45F6-A57F-5ABD9991F28F}") = "WFUtilsTester", "..\GN4AddIns\WFUtils\WFUtilsTester.vbproj", "{3B2CD61E-9CA7-4D2B-8C0E-020CDA08C180}"
EndProject
Global
	GlobalSection(SolutionConfigurationPlatforms) = preSolution
		Debug|x64 = Debug|x64
		Debug|x86 = Debug|x86
		Release|x64 = Release|x64
		Release|x86 = Release|x86
	EndGlobalSection
	GlobalSection(ProjectConfigurationPlatforms) = postSolution
		{7965A2A0-346A-40D5-8049-C8770A95E675}.Debug|x64.ActiveCfg = Debug|x64
		{7965A2A0-346A-40D5-8049-C8770A95E675}.Debug|x64.Build.0 = Debug|x64
		{7965A2A0-346A-40D5-8049-C8770A95E675}.Debug|x86.ActiveCfg = Debug|x86
		{7965A2A0-346A-40D5-8049-C8770A95E675}.Debug|x86.Build.0 = Debug|x86
		{7965A2A0-346A-40D5-8049-C8770A95E675}.Release|x64.ActiveCfg = Release|x64
		{7965A2A0-346A-40D5-8049-C8770A95E675}.Release|x64.Build.0 = Release|x64
		{7965A2A0-346A-40D5-8049-C8770A95E675}.Release|x86.ActiveCfg = Release|x86
		{7965A2A0-346A-40D5-8049-C8770A95E675}.Release|x86.Build.0 = Release|x86
		{3B2CD61E-9CA7-4D2B-8C0E-020CDA08C180}.Debug|x64.ActiveCfg = Debug|x64
		{3B2CD61E-9CA7-4D2B-8C0E-020CDA08C180}.Debug|x64.Build.0 = Debug|x64
		{3B2CD61E-9CA7-4D2B-8C0E-020CDA08C180}.Debug|x86.ActiveCfg = Debug|x86
		{3B2CD61E-9CA7-4D2B-8C0E-020CDA08C180}.Debug|x86.Build.0 = Debug|x86
		{3B2CD61E-9CA7-4D2B-8C0E-020CDA08C180}.Release|x64.ActiveCfg = Release|x64
		{3B2CD61E-9CA7-4D2B-8C0E-020CDA08C180}.Release|x64.Build.0 = Release|x64
		{3B2CD61E-9CA7-4D2B-8C0E-020CDA08C180}.Release|x86.ActiveCfg = Release|x86
		{3B2CD61E-9CA7-4D2B-8C0E-020CDA08C180}.Release|x86.Build.0 = Release|x86
	EndGlobalSection
	GlobalSection(SolutionProperties) = preSolution
		HideSolutionNode = FALSE
	EndGlobalSection
EndGlobal
